// !$*UTF8*$!
{
	archiveVersion = 1;
	classes = {
	};
	objectVersion = 55;
	objects = {

/* Begin PBXBuildFile section */
		244964932711A72F00F5A847 /* AppDelegate.swift in Sources */ = {isa = PBXBuildFile; fileRef = 244964922711A72F00F5A847 /* AppDelegate.swift */; };
		244964952711A72F00F5A847 /* SceneDelegate.swift in Sources */ = {isa = PBXBuildFile; fileRef = 244964942711A72F00F5A847 /* SceneDelegate.swift */; };
		244964972711A72F00F5A847 /* DrinkWaterViewController.swift in Sources */ = {isa = PBXBuildFile; fileRef = 244964962711A72F00F5A847 /* DrinkWaterViewController.swift */; };
		2449649A2711A72F00F5A847 /* Main.storyboard in Resources */ = {isa = PBXBuildFile; fileRef = 244964982711A72F00F5A847 /* Main.storyboard */; };
		2449649C2711A73000F5A847 /* Assets.xcassets in Resources */ = {isa = PBXBuildFile; fileRef = 2449649B2711A73000F5A847 /* Assets.xcassets */; };
		2449649F2711A73000F5A847 /* LaunchScreen.storyboard in Resources */ = {isa = PBXBuildFile; fileRef = 2449649D2711A73000F5A847 /* LaunchScreen.storyboard */; };
		244964A72711A7B100F5A847 /* ProfileViewController.swift in Sources */ = {isa = PBXBuildFile; fileRef = 244964A62711A7B100F5A847 /* ProfileViewController.swift */; };
		244964AA2711A7D000F5A847 /* IQKeyboardManagerSwift in Frameworks */ = {isa = PBXBuildFile; productRef = 244964A92711A7D000F5A847 /* IQKeyboardManagerSwift */; };
		244964AD2711A7DD00F5A847 /* TextFieldEffects in Frameworks */ = {isa = PBXBuildFile; productRef = 244964AC2711A7DD00F5A847 /* TextFieldEffects */; };
/* End PBXBuildFile section */

/* Begin PBXFileReference section */
		2449648F2711A72F00F5A847 /* DrinkWater.app */ = {isa = PBXFileReference; explicitFileType = wrapper.application; includeInIndex = 0; path = DrinkWater.app; sourceTree = BUILT_PRODUCTS_DIR; };
		244964922711A72F00F5A847 /* AppDelegate.swift */ = {isa = PBXFileReference; lastKnownFileType = sourcecode.swift; path = AppDelegate.swift; sourceTree = "<group>"; };
		244964942711A72F00F5A847 /* SceneDelegate.swift */ = {isa = PBXFileReference; lastKnownFileType = sourcecode.swift; path = SceneDelegate.swift; sourceTree = "<group>"; };
		244964962711A72F00F5A847 /* DrinkWaterViewController.swift */ = {isa = PBXFileReference; lastKnownFileType = sourcecode.swift; path = DrinkWaterViewController.swift; sourceTree = "<group>"; };
		244964992711A72F00F5A847 /* Base */ = {isa = PBXFileReference; lastKnownFileType = file.storyboard; name = Base; path = Base.lproj/Main.storyboard; sourceTree = "<group>"; };
		2449649B2711A73000F5A847 /* Assets.xcassets */ = {isa = PBXFileReference; lastKnownFileType = folder.assetcatalog; path = Assets.xcassets; sourceTree = "<group>"; };
		2449649E2711A73000F5A847 /* Base */ = {isa = PBXFileReference; lastKnownFileType = file.storyboard; name = Base; path = Base.lproj/LaunchScreen.storyboard; sourceTree = "<group>"; };
		244964A02711A73000F5A847 /* Info.plist */ = {isa = PBXFileReference; lastKnownFileType = text.plist.xml; path = Info.plist; sourceTree = "<group>"; };
		244964A62711A7B100F5A847 /* ProfileViewController.swift */ = {isa = PBXFileReference; lastKnownFileType = sourcecode.swift; path = ProfileViewController.swift; sourceTree = "<group>"; };
/* End PBXFileReference section */

/* Begin PBXFrameworksBuildPhase section */
		2449648C2711A72F00F5A847 /* Frameworks */ = {
			isa = PBXFrameworksBuildPhase;
			buildActionMask = 2147483647;
			files = (
				244964AA2711A7D000F5A847 /* IQKeyboardManagerSwift in Frameworks */,
				244964AD2711A7DD00F5A847 /* TextFieldEffects in Frameworks */,
			);
			runOnlyForDeploymentPostprocessing = 0;
		};
/* End PBXFrameworksBuildPhase section */

/* Begin PBXGroup section */
		244964862711A72F00F5A847 = {
			isa = PBXGroup;
			children = (
				244964912711A72F00F5A847 /* DrinkWater */,
				244964902711A72F00F5A847 /* Products */,
			);
			sourceTree = "<group>";
		};
		244964902711A72F00F5A847 /* Products */ = {
			isa = PBXGroup;
			children = (
				2449648F2711A72F00F5A847 /* DrinkWater.app */,
			);
			name = Products;
			sourceTree = "<group>";
		};
		244964912711A72F00F5A847 /* DrinkWater */ = {
			isa = PBXGroup;
			children = (
				244964922711A72F00F5A847 /* AppDelegate.swift */,
				244964942711A72F00F5A847 /* SceneDelegate.swift */,
				244964962711A72F00F5A847 /* DrinkWaterViewController.swift */,
				244964A62711A7B100F5A847 /* ProfileViewController.swift */,
				244964982711A72F00F5A847 /* Main.storyboard */,
				2449649B2711A73000F5A847 /* Assets.xcassets */,
				2449649D2711A73000F5A847 /* LaunchScreen.storyboard */,
				244964A02711A73000F5A847 /* Info.plist */,
			);
			path = DrinkWater;
			sourceTree = "<group>";
		};
/* End PBXGroup section */

/* Begin PBXNativeTarget section */
		2449648E2711A72F00F5A847 /* DrinkWater */ = {
			isa = PBXNativeTarget;
			buildConfigurationList = 244964A32711A73000F5A847 /* Build configuration list for PBXNativeTarget "DrinkWater" */;
			buildPhases = (
				2449648B2711A72F00F5A847 /* Sources */,
				2449648C2711A72F00F5A847 /* Frameworks */,
				2449648D2711A72F00F5A847 /* Resources */,
			);
			buildRules = (
			);
			dependencies = (
			);
			name = DrinkWater;
			packageProductDependencies = (
				244964A92711A7D000F5A847 /* IQKeyboardManagerSwift */,
				244964AC2711A7DD00F5A847 /* TextFieldEffects */,
			);
			productName = DrinkWater;
			productReference = 2449648F2711A72F00F5A847 /* DrinkWater.app */;
			productType = "com.apple.product-type.application";
		};
/* End PBXNativeTarget section */

/* Begin PBXProject section */
		244964872711A72F00F5A847 /* Project object */ = {
			isa = PBXProject;
			attributes = {
				BuildIndependentTargetsInParallel = 1;
				LastSwiftUpdateCheck = 1300;
				LastUpgradeCheck = 1300;
				TargetAttributes = {
					2449648E2711A72F00F5A847 = {
						CreatedOnToolsVersion = 13.0;
					};
				};
			};
			buildConfigurationList = 2449648A2711A72F00F5A847 /* Build configuration list for PBXProject "DrinkWater" */;
			compatibilityVersion = "Xcode 13.0";
			developmentRegion = en;
			hasScannedForEncodings = 0;
			knownRegions = (
				en,
				Base,
			);
			mainGroup = 244964862711A72F00F5A847;
			packageReferences = (
				244964A82711A7D000F5A847 /* XCRemoteSwiftPackageReference "IQKeyboardManager" */,
				244964AB2711A7DD00F5A847 /* XCRemoteSwiftPackageReference "TextFieldEffects" */,
			);
			productRefGroup = 244964902711A72F00F5A847 /* Products */;
			projectDirPath = "";
			projectRoot = "";
			targets = (
				2449648E2711A72F00F5A847 /* DrinkWater */,
			);
		};
/* End PBXProject section */

/* Begin PBXResourcesBuildPhase section */
		2449648D2711A72F00F5A847 /* Resources */ = {
			isa = PBXResourcesBuildPhase;
			buildActionMask = 2147483647;
			files = (
				2449649F2711A73000F5A847 /* LaunchScreen.storyboard in Resources */,
				2449649C2711A73000F5A847 /* Assets.xcassets in Resources */,
				2449649A2711A72F00F5A847 /* Main.storyboard in Resources */,
			);
			runOnlyForDeploymentPostprocessing = 0;
		};
/* End PBXResourcesBuildPhase section */

/* Begin PBXSourcesBuildPhase section */
		2449648B2711A72F00F5A847 /* Sources */ = {
			isa = PBXSourcesBuildPhase;
			buildActionMask = 2147483647;
			files = (
				244964972711A72F00F5A847 /* DrinkWaterViewController.swift in Sources */,
				244964932711A72F00F5A847 /* AppDelegate.swift in Sources */,
				244964A72711A7B100F5A847 /* ProfileViewController.swift in Sources */,
				244964952711A72F00F5A847 /* SceneDelegate.swift in Sources */,
			);
			runOnlyForDeploymentPostprocessing = 0;
		};
/* End PBXSourcesBuildPhase section */

/* Begin PBXVariantGroup section */
		244964982711A72F00F5A847 /* Main.storyboard */ = {
			isa = PBXVariantGroup;
			children = (
				244964992711A72F00F5A847 /* Base */,
			);
			name = Main.storyboard;
			sourceTree = "<group>";
		};
		2449649D2711A73000F5A847 /* LaunchScreen.storyboard */ = {
			isa = PBXVariantGroup;
			children = (
				2449649E2711A73000F5A847 /* Base */,
			);
			name = LaunchScreen.storyboard;
			sourceTree = "<group>";
		};
/* End PBXVariantGroup section */

/* Begin XCBuildConfiguration section */
		244964A12711A73000F5A847 /* Debug */ = {
			isa = XCBuildConfiguration;
			buildSettings = {
				ALWAYS_SEARCH_USER_PATHS = NO;
				CLANG_ANALYZER_NONNULL = YES;
				CLANG_ANALYZER_NUMBER_OBJECT_CONVERSION = YES_AGGRESSIVE;
				CLANG_CXX_LANGUAGE_STANDARD = "gnu++17";
				CLANG_CXX_LIBRARY = "libc++";
				CLANG_ENABLE_MODULES = YES;
				CLANG_ENABLE_OBJC_ARC = YES;
				CLANG_ENABLE_OBJC_WEAK = YES;
				CLANG_WARN_BLOCK_CAPTURE_AUTORELEASING = YES;
				CLANG_WARN_BOOL_CONVERSION = YES;
				CLANG_WARN_COMMA = YES;
				CLANG_WARN_CONSTANT_CONVERSION = YES;
				CLANG_WARN_DEPRECATED_OBJC_IMPLEMENTATIONS = YES;
				CLANG_WARN_DIRECT_OBJC_ISA_USAGE = YES_ERROR;
				CLANG_WARN_DOCUMENTATION_COMMENTS = YES;
				CLANG_WARN_EMPTY_BODY = YES;
				CLANG_WARN_ENUM_CONVERSION = YES;
				CLANG_WARN_INFINITE_RECURSION = YES;
				CLANG_WARN_INT_CONVERSION = YES;
				CLANG_WARN_NON_LITERAL_NULL_CONVERSION = YES;
				CLANG_WARN_OBJC_IMPLICIT_RETAIN_SELF = YES;
				CLANG_WARN_OBJC_LITERAL_CONVERSION = YES;
				CLANG_WARN_OBJC_ROOT_CLASS = YES_ERROR;
				CLANG_WARN_QUOTED_INCLUDE_IN_FRAMEWORK_HEADER = YES;
				CLANG_WARN_RANGE_LOOP_ANALYSIS = YES;
				CLANG_WARN_STRICT_PROTOTYPES = YES;
				CLANG_WARN_SUSPICIOUS_MOVE = YES;
				CLANG_WARN_UNGUARDED_AVAILABILITY = YES_AGGRESSIVE;
				CLANG_WARN_UNREACHABLE_CODE = YES;
				CLANG_WARN__DUPLICATE_METHOD_MATCH = YES;
				COPY_PHASE_STRIP = NO;
				DEBUG_INFORMATION_FORMAT = dwarf;
				ENABLE_STRICT_OBJC_MSGSEND = YES;
				ENABLE_TESTABILITY = YES;
				GCC_C_LANGUAGE_STANDARD = gnu11;
				GCC_DYNAMIC_NO_PIC = NO;
				GCC_NO_COMMON_BLOCKS = YES;
				GCC_OPTIMIZATION_LEVEL = 0;
				GCC_PREPROCESSOR_DEFINITIONS = (
					"DEBUG=1",
					"$(inherited)",
				);
				GCC_WARN_64_TO_32_BIT_CONVERSION = YES;
				GCC_WARN_ABOUT_RETURN_TYPE = YES_ERROR;
				GCC_WARN_UNDECLARED_SELECTOR = YES;
				GCC_WARN_UNINITIALIZED_AUTOS = YES_AGGRESSIVE;
				GCC_WARN_UNUSED_FUNCTION = YES;
				GCC_WARN_UNUSED_VARIABLE = YES;
				IPHONEOS_DEPLOYMENT_TARGET = 15.0;
				MTL_ENABLE_DEBUG_INFO = INCLUDE_SOURCE;
				MTL_FAST_MATH = YES;
				ONLY_ACTIVE_ARCH = YES;
				SDKROOT = iphoneos;
				SWIFT_ACTIVE_COMPILATION_CONDITIONS = DEBUG;
				SWIFT_OPTIMIZATION_LEVEL = "-Onone";
			};
			name = Debug;
		};
		244964A22711A73000F5A847 /* Release */ = {
			isa = XCBuildConfiguration;
			buildSettings = {
				ALWAYS_SEARCH_USER_PATHS = NO;
				CLANG_ANALYZER_NONNULL = YES;
				CLANG_ANALYZER_NUMBER_OBJECT_CONVERSION = YES_AGGRESSIVE;
				CLANG_CXX_LANGUAGE_STANDARD = "gnu++17";
				CLANG_CXX_LIBRARY = "libc++";
				CLANG_ENABLE_MODULES = YES;
				CLANG_ENABLE_OBJC_ARC = YES;
				CLANG_ENABLE_OBJC_WEAK = YES;
				CLANG_WARN_BLOCK_CAPTURE_AUTORELEASING = YES;
				CLANG_WARN_BOOL_CONVERSION = YES;
				CLANG_WARN_COMMA = YES;
				CLANG_WARN_CONSTANT_CONVERSION = YES;
				CLANG_WARN_DEPRECATED_OBJC_IMPLEMENTATIONS = YES;
				CLANG_WARN_DIRECT_OBJC_ISA_USAGE = YES_ERROR;
				CLANG_WARN_DOCUMENTATION_COMMENTS = YES;
				CLANG_WARN_EMPTY_BODY = YES;
				CLANG_WARN_ENUM_CONVERSION = YES;
				CLANG_WARN_INFINITE_RECURSION = YES;
				CLANG_WARN_INT_CONVERSION = YES;
				CLANG_WARN_NON_LITERAL_NULL_CONVERSION = YES;
				CLANG_WARN_OBJC_IMPLICIT_RETAIN_SELF = YES;
				CLANG_WARN_OBJC_LITERAL_CONVERSION = YES;
				CLANG_WARN_OBJC_ROOT_CLASS = YES_ERROR;
				CLANG_WARN_QUOTED_INCLUDE_IN_FRAMEWORK_HEADER = YES;
				CLANG_WARN_RANGE_LOOP_ANALYSIS = YES;
				CLANG_WARN_STRICT_PROTOTYPES = YES;
				CLANG_WARN_SUSPICIOUS_MOVE = YES;
				CLANG_WARN_UNGUARDED_AVAILABILITY = YES_AGGRESSIVE;
				CLANG_WARN_UNREACHABLE_CODE = YES;
				CLANG_WARN__DUPLICATE_METHOD_MATCH = YES;
				COPY_PHASE_STRIP = NO;
				DEBUG_INFORMATION_FORMAT = "dwarf-with-dsym";
				ENABLE_NS_ASSERTIONS = NO;
				ENABLE_STRICT_OBJC_MSGSEND = YES;
				GCC_C_LANGUAGE_STANDARD = gnu11;
				GCC_NO_COMMON_BLOCKS = YES;
				GCC_WARN_64_TO_32_BIT_CONVERSION = YES;
				GCC_WARN_ABOUT_RETURN_TYPE = YES_ERROR;
				GCC_WARN_UNDECLARED_SELECTOR = YES;
				GCC_WARN_UNINITIALIZED_AUTOS = YES_AGGRESSIVE;
				GCC_WARN_UNUSED_FUNCTION = YES;
				GCC_WARN_UNUSED_VARIABLE = YES;
				IPHONEOS_DEPLOYMENT_TARGET = 15.0;
				MTL_ENABLE_DEBUG_INFO = NO;
				MTL_FAST_MATH = YES;
				SDKROOT = iphoneos;
				SWIFT_COMPILATION_MODE = wholemodule;
				SWIFT_OPTIMIZATION_LEVEL = "-O";
				VALIDATE_PRODUCT = YES;
			};
			name = Release;
		};
		244964A42711A73000F5A847 /* Debug */ = {
			isa = XCBuildConfiguration;
			buildSettings = {
				ASSETCATALOG_COMPILER_APPICON_NAME = AppIcon;
				ASSETCATALOG_COMPILER_GLOBAL_ACCENT_COLOR_NAME = AccentColor;
				CODE_SIGN_STYLE = Automatic;
				CURRENT_PROJECT_VERSION = 1;
				DEVELOPMENT_TEAM = 9V32754VBF;
				GENERATE_INFOPLIST_FILE = YES;
				INFOPLIST_FILE = DrinkWater/Info.plist;
				INFOPLIST_KEY_UIApplicationSupportsIndirectInputEvents = YES;
				INFOPLIST_KEY_UILaunchStoryboardName = LaunchScreen;
				INFOPLIST_KEY_UIMainStoryboardFile = Main;
				INFOPLIST_KEY_UISupportedInterfaceOrientations_iPad = "UIInterfaceOrientationPortrait UIInterfaceOrientationPortraitUpsideDown UIInterfaceOrientationLandscapeLeft UIInterfaceOrientationLandscapeRight";
				INFOPLIST_KEY_UISupportedInterfaceOrientations_iPhone = "UIInterfaceOrientationPortrait UIInterfaceOrientationLandscapeLeft UIInterfaceOrientationLandscapeRight";
				LD_RUNPATH_SEARCH_PATHS = (
					"$(inherited)",
					"@executable_path/Frameworks",
				);
				MARKETING_VERSION = 1.0;
				PRODUCT_BUNDLE_IDENTIFIER = com.haechanyang.DrinkWater;
				PRODUCT_NAME = "$(TARGET_NAME)";
				SWIFT_EMIT_LOC_STRINGS = YES;
				SWIFT_VERSION = 5.0;
				TARGETED_DEVICE_FAMILY = 1;
			};
			name = Debug;
		};
		244964A52711A73000F5A847 /* Release */ = {
			isa = XCBuildConfiguration;
			buildSettings = {
				ASSETCATALOG_COMPILER_APPICON_NAME = AppIcon;
				ASSETCATALOG_COMPILER_GLOBAL_ACCENT_COLOR_NAME = AccentColor;
				CODE_SIGN_STYLE = Automatic;
				CURRENT_PROJECT_VERSION = 1;
				DEVELOPMENT_TEAM = 9V32754VBF;
				GENERATE_INFOPLIST_FILE = YES;
				INFOPLIST_FILE = DrinkWater/Info.plist;
				INFOPLIST_KEY_UIApplicationSupportsIndirectInputEvents = YES;
				INFOPLIST_KEY_UILaunchStoryboardName = LaunchScreen;
				INFOPLIST_KEY_UIMainStoryboardFile = Main;
				INFOPLIST_KEY_UISupportedInterfaceOrientations_iPad = "UIInterfaceOrientationPortrait UIInterfaceOrientationPortraitUpsideDown UIInterfaceOrientationLandscapeLeft UIInterfaceOrientationLandscapeRight";
				INFOPLIST_KEY_UISupportedInterfaceOrientations_iPhone = "UIInterfaceOrientationPortrait UIInterfaceOrientationLandscapeLeft UIInterfaceOrientationLandscapeRight";
				LD_RUNPATH_SEARCH_PATHS = (
					"$(inherited)",
					"@executable_path/Frameworks",
				);
				MARKETING_VERSION = 1.0;
				PRODUCT_BUNDLE_IDENTIFIER = com.haechanyang.DrinkWater;
				PRODUCT_NAME = "$(TARGET_NAME)";
				SWIFT_EMIT_LOC_STRINGS = YES;
				SWIFT_VERSION = 5.0;
				TARGETED_DEVICE_FAMILY = 1;
			};
			name = Release;
		};
/* End XCBuildConfiguration section */

/* Begin XCConfigurationList section */
		2449648A2711A72F00F5A847 /* Build configuration list for PBXProject "DrinkWater" */ = {
			isa = XCConfigurationList;
			buildConfigurations = (
				244964A12711A73000F5A847 /* Debug */,
				244964A22711A73000F5A847 /* Release */,
			);
			defaultConfigurationIsVisible = 0;
			defaultConfigurationName = Release;
		};
		244964A32711A73000F5A847 /* Build configuration list for PBXNativeTarget "DrinkWater" */ = {
			isa = XCConfigurationList;
			buildConfigurations = (
				244964A42711A73000F5A847 /* Debug */,
				244964A52711A73000F5A847 /* Release */,
			);
			defaultConfigurationIsVisible = 0;
			defaultConfigurationName = Release;
		};
/* End XCConfigurationList section */

/* Begin XCRemoteSwiftPackageReference section */
		244964A82711A7D000F5A847 /* XCRemoteSwiftPackageReference "IQKeyboardManager" */ = {
			isa = XCRemoteSwiftPackageReference;
			repositoryURL = "https://github.com/hackiftekhar/IQKeyboardManager.git";
			requirement = {
				kind = versionRange;
				maximumVersion = 7.0.0;
				minimumVersion = 6.0.0;
			};
		};
		244964AB2711A7DD00F5A847 /* XCRemoteSwiftPackageReference "TextFieldEffects" */ = {
			isa = XCRemoteSwiftPackageReference;
			repositoryURL = "https://github.com/raulriera/TextFieldEffects";
			requirement = {
				kind = versionRange;
				maximumVersion = 2.0.0;
				minimumVersion = 1.0.0;
			};
		};
/* End XCRemoteSwiftPackageReference section */

/* Begin XCSwiftPackageProductDependency section */
		244964A92711A7D000F5A847 /* IQKeyboardManagerSwift */ = {
			isa = XCSwiftPackageProductDependency;
			package = 244964A82711A7D000F5A847 /* XCRemoteSwiftPackageReference "IQKeyboardManager" */;
			productName = IQKeyboardManagerSwift;
		};
		244964AC2711A7DD00F5A847 /* TextFieldEffects */ = {
			isa = XCSwiftPackageProductDependency;
			package = 244964AB2711A7DD00F5A847 /* XCRemoteSwiftPackageReference "TextFieldEffects" */;
			productName = TextFieldEffects;
		};
/* End XCSwiftPackageProductDependency section */
	};
	rootObject = 244964872711A72F00F5A847 /* Project object */;
}
